
Microsoft Visual Studio Solution File, Format Version 12.00
# Visual Studio Version 16
VisualStudioVersion = 16.0.32228.343
MinimumVisualStudioVersion = 10.0.40219.1
Project("{FAE04EC0-301F-11D3-BF4B-00C04F79EFBC}") = "APBDcw6", "APBDcw6.csproj", "{DBAAD246-5F1E-4AF5-B580-4829FC7BB3E1}"
EndProject
Global
	GlobalSection(SolutionConfigurationPlatforms) = preSolution
		Debug|Any CPU = Debug|Any CPU
		Release|Any CPU = Release|Any CPU
	EndGlobalSection
	GlobalSection(ProjectConfigurationPlatforms) = postSolution
		{DBAAD246-5F1E-4AF5-B580-4829FC7BB3E1}.Debug|Any CPU.ActiveCfg = Debug|Any CPU
		{DBAAD246-5F1E-4AF5-B580-4829FC7BB3E1}.Debug|Any CPU.Build.0 = Debug|Any CPU
		{DBAAD246-5F1E-4AF5-B580-4829FC7BB3E1}.Release|Any CPU.ActiveCfg = Release|Any CPU
		{DBAAD246-5F1E-4AF5-B580-4829FC7BB3E1}.Release|Any CPU.Build.0 = Release|Any CPU
	EndGlobalSection
	GlobalSection(SolutionProperties) = preSolution
		HideSolutionNode = FALSE
	EndGlobalSection
	GlobalSection(ExtensibilityGlobals) = postSolution
		SolutionGuid = {CD47901F-530F-4FD2-857D-C8052E508372}
	EndGlobalSection
EndGlobal
